
Microsoft Visual Studio Solution File, Format Version 12.00
# Visual Studio Version 17
VisualStudioVersion = 17.14.36603.0 d17.14
MinimumVisualStudioVersion = 10.0.40219.1
Project("{FAE04EC0-301F-11D3-BF4B-00C04F79EFBC}") = "QC__Checker", "QC__Checker\QC__Checker.csproj", "{96ADDD80-D78C-4127-ABB8-C4C3061F0C02}"
EndProject
Global
	GlobalSection(SolutionConfigurationPlatforms) = preSolution
		Debug|Any CPU = Debug|Any CPU
		Release|Any CPU = Release|Any CPU
	EndGlobalSection
	GlobalSection(ProjectConfigurationPlatforms) = postSolution
		{96ADDD80-D78C-4127-ABB8-C4C3061F0C02}.Debug|Any CPU.ActiveCfg = Debug|Any CPU
		{96ADDD80-D78C-4127-ABB8-C4C3061F0C02}.Debug|Any CPU.Build.0 = Debug|Any CPU
		{96ADDD80-D78C-4127-ABB8-C4C3061F0C02}.Release|Any CPU.ActiveCfg = Release|Any CPU
		{96ADDD80-D78C-4127-ABB8-C4C3061F0C02}.Release|Any CPU.Build.0 = Release|Any CPU
	EndGlobalSection
	GlobalSection(SolutionProperties) = preSolution
		HideSolutionNode = FALSE
	EndGlobalSection
	GlobalSection(ExtensibilityGlobals) = postSolution
		SolutionGuid = {11F268AA-31BF-437B-AC3D-3DE7B0BDAFC6}
	EndGlobalSection
EndGlobal
